
Microsoft Visual Studio Solution File, Format Version 12.00
# Visual Studio 15
VisualStudioVersion = 15.0.28307.757
MinimumVisualStudioVersion = 10.0.40219.1
Project("{888888A0-9F3D-457C-B088-3A5042F75D52}") = "python-OBD-wifi-ergo", "python-OBD-wifi-ergo.pyproj", "{E9B47FA0-2DD9-4A06-A213-52C4A675808A}"
EndProject
Project("{2150E333-8FDC-42A3-9474-1A3956D46DE8}") = "Solution Items", "Solution Items", "{0C721031-7E94-4B81-8218-BFFA1DB206B9}"
EndProject
Global
	GlobalSection(SolutionConfigurationPlatforms) = preSolution
		Debug|Any CPU = Debug|Any CPU
		Release|Any CPU = Release|Any CPU
	EndGlobalSection
	GlobalSection(ProjectConfigurationPlatforms) = postSolution
		{E9B47FA0-2DD9-4A06-A213-52C4A675808A}.Debug|Any CPU.ActiveCfg = Debug|Any CPU
		{E9B47FA0-2DD9-4A06-A213-52C4A675808A}.Release|Any CPU.ActiveCfg = Release|Any CPU
	EndGlobalSection
	GlobalSection(SolutionProperties) = preSolution
		HideSolutionNode = FALSE
	EndGlobalSection
	GlobalSection(ExtensibilityGlobals) = postSolution
		SolutionGuid = {365D7FEE-B6A3-44E6-88C1-8090E93C99E5}
	EndGlobalSection
EndGlobal
